
Microsoft Visual Studio Solution File, Format Version 12.00
# Visual Studio Version 16
VisualStudioVersion = 16.0.30709.132
MinimumVisualStudioVersion = 10.0.40219.1
Project("{FAE04EC0-301F-11D3-BF4B-00C04F79EFBC}") = "CirclePacking", "CirclePacking\CirclePacking.csproj", "{A76B9B8C-2CCC-43A9-B8B8-E7DBB125D125}"
EndProject
Global
	GlobalSection(SolutionConfigurationPlatforms) = preSolution
		Debug|Any CPU = Debug|Any CPU
		Release|Any CPU = Release|Any CPU
	EndGlobalSection
	GlobalSection(ProjectConfigurationPlatforms) = postSolution
		{A76B9B8C-2CCC-43A9-B8B8-E7DBB125D125}.Debug|Any CPU.ActiveCfg = Debug|Any CPU
		{A76B9B8C-2CCC-43A9-B8B8-E7DBB125D125}.Debug|Any CPU.Build.0 = Debug|Any CPU
		{A76B9B8C-2CCC-43A9-B8B8-E7DBB125D125}.Release|Any CPU.ActiveCfg = Release|Any CPU
		{A76B9B8C-2CCC-43A9-B8B8-E7DBB125D125}.Release|Any CPU.Build.0 = Release|Any CPU
	EndGlobalSection
	GlobalSection(SolutionProperties) = preSolution
		HideSolutionNode = FALSE
	EndGlobalSection
	GlobalSection(ExtensibilityGlobals) = postSolution
		SolutionGuid = {1E3BF3C8-A330-483B-8401-296D70E02D34}
	EndGlobalSection
EndGlobal
